{
  "name": "yoo-styles-test",
  "version": "1.0.0",
  "lockfileVersion": 2,
  "requires": true,
  "packages": {
    "": {
      "name": "yoo-styles-test",
      "version": "1.0.0",
      "dependencies": {
        "yoo-styles": "6.0.326"
      }
    },
    "node_modules/yoo-styles": {
      "version": "6.0.326",
      "resolved": "https://registry.npmjs.org/yoo-styles/-/yoo-styles-6.0.326.tgz",
      "integrity": "sha512-PLACEHOLDER"
    }
  },
  "dependencies": {
    "yoo-styles": {
      "version": "6.0.326",
      "resolved": "https://registry.npmjs.org/yoo-styles/-/yoo-styles-6.0.326.tgz",
      "integrity": "sha512-PLACEHOLDER"
    }
  }
}
